
Microsoft Visual Studio Solution File, Format Version 12.00
# Visual Studio Version 17
VisualStudioVersion = 17.2.32616.157
MinimumVisualStudioVersion = 10.0.40219.1
Project("{9A19103F-16F7-4668-BE54-9A1E7A4F7556}") = "DepthChart", "DepthChart\DepthChart.csproj", "{DFB4B425-2F95-4A5A-BD46-622F8FD17EC1}"
EndProject
Project("{FAE04EC0-301F-11D3-BF4B-00C04F79EFBC}") = "DepthChartTest", "DepthChartTest\DepthChartTest.csproj", "{53812DC5-FD6F-408B-B049-E89CFCCC13A0}"
EndProject
Global
	GlobalSection(SolutionConfigurationPlatforms) = preSolution
		Debug|Any CPU = Debug|Any CPU
		Release|Any CPU = Release|Any CPU
	EndGlobalSection
	GlobalSection(ProjectConfigurationPlatforms) = postSolution
		{DFB4B425-2F95-4A5A-BD46-622F8FD17EC1}.Debug|Any CPU.ActiveCfg = Debug|Any CPU
		{DFB4B425-2F95-4A5A-BD46-622F8FD17EC1}.Debug|Any CPU.Build.0 = Debug|Any CPU
		{DFB4B425-2F95-4A5A-BD46-622F8FD17EC1}.Release|Any CPU.ActiveCfg = Release|Any CPU
		{DFB4B425-2F95-4A5A-BD46-622F8FD17EC1}.Release|Any CPU.Build.0 = Release|Any CPU
		{53812DC5-FD6F-408B-B049-E89CFCCC13A0}.Debug|Any CPU.ActiveCfg = Debug|Any CPU
		{53812DC5-FD6F-408B-B049-E89CFCCC13A0}.Debug|Any CPU.Build.0 = Debug|Any CPU
		{53812DC5-FD6F-408B-B049-E89CFCCC13A0}.Release|Any CPU.ActiveCfg = Release|Any CPU
		{53812DC5-FD6F-408B-B049-E89CFCCC13A0}.Release|Any CPU.Build.0 = Release|Any CPU
	EndGlobalSection
	GlobalSection(SolutionProperties) = preSolution
		HideSolutionNode = FALSE
	EndGlobalSection
	GlobalSection(ExtensibilityGlobals) = postSolution
		SolutionGuid = {EE29A521-6A70-487E-A060-424E3BB10596}
	EndGlobalSection
EndGlobal
